// !$*UTF8*$!
{
	archiveVersion = 1;
	classes = {
	};
	objectVersion = 46;
	objects = {

/* Begin PBXBuildFile section */
		908449F31EE3C04E00E431FE /* AppDelegate.swift in Sources */ = {isa = PBXBuildFile; fileRef = 908449F21EE3C04E00E431FE /* AppDelegate.swift */; };
		908449F51EE3C04E00E431FE /* ViewController.swift in Sources */ = {isa = PBXBuildFile; fileRef = 908449F41EE3C04E00E431FE /* ViewController.swift */; };
		908449F81EE3C04E00E431FE /* Main.storyboard in Resources */ = {isa = PBXBuildFile; fileRef = 908449F61EE3C04E00E431FE /* Main.storyboard */; };
		908449FA1EE3C04E00E431FE /* Assets.xcassets in Resources */ = {isa = PBXBuildFile; fileRef = 908449F91EE3C04E00E431FE /* Assets.xcassets */; };
		908449FD1EE3C04E00E431FE /* LaunchScreen.storyboard in Resources */ = {isa = PBXBuildFile; fileRef = 908449FB1EE3C04E00E431FE /* LaunchScreen.storyboard */; };
		90844A051EE3C26500E431FE /* LeftSideViewController.swift in Sources */ = {isa = PBXBuildFile; fileRef = 90844A041EE3C26500E431FE /* LeftSideViewController.swift */; };
		90844A071EE3C26F00E431FE /* RightSideViewController.swift in Sources */ = {isa = PBXBuildFile; fileRef = 90844A061EE3C26F00E431FE /* RightSideViewController.swift */; };
		90844A0B1EE3FAEF00E431FE /* salvatore.png in Resources */ = {isa = PBXBuildFile; fileRef = 90844A0A1EE3FAEF00E431FE /* salvatore.png */; };
		90844A0D1EE3FC4200E431FE /* CustomTableViewCell.swift in Sources */ = {isa = PBXBuildFile; fileRef = 90844A0C1EE3FC4200E431FE /* CustomTableViewCell.swift */; };
		90844A0F1EE4005500E431FE /* AboutViewController.swift in Sources */ = {isa = PBXBuildFile; fileRef = 90844A0E1EE4005500E431FE /* AboutViewController.swift */; };
		E367AA75BABF2DC77C97D12E /* Pods_NavigationDrawer.framework in Frameworks */ = {isa = PBXBuildFile; fileRef = EC012F42444FBD681E08B51A /* Pods_NavigationDrawer.framework */; };
/* End PBXBuildFile section */

/* Begin PBXFileReference section */
		0F3513D83AEA38303A5DAB91 /* Pods-NavigationDrawer.debug.xcconfig */ = {isa = PBXFileReference; includeInIndex = 1; lastKnownFileType = text.xcconfig; name = "Pods-NavigationDrawer.debug.xcconfig"; path = "Pods/Target Support Files/Pods-NavigationDrawer/Pods-NavigationDrawer.debug.xcconfig"; sourceTree = "<group>"; };
		56B725FC4AC5CC922824C3CE /* Pods-NavigationDrawer.release.xcconfig */ = {isa = PBXFileReference; includeInIndex = 1; lastKnownFileType = text.xcconfig; name = "Pods-NavigationDrawer.release.xcconfig"; path = "Pods/Target Support Files/Pods-NavigationDrawer/Pods-NavigationDrawer.release.xcconfig"; sourceTree = "<group>"; };
		908449EF1EE3C04E00E431FE /* NavigationDrawer.app */ = {isa = PBXFileReference; explicitFileType = wrapper.application; includeInIndex = 0; path = NavigationDrawer.app; sourceTree = BUILT_PRODUCTS_DIR; };
		908449F21EE3C04E00E431FE /* AppDelegate.swift */ = {isa = PBXFileReference; lastKnownFileType = sourcecode.swift; path = AppDelegate.swift; sourceTree = "<group>"; };
		908449F41EE3C04E00E431FE /* ViewController.swift */ = {isa = PBXFileReference; lastKnownFileType = sourcecode.swift; path = ViewController.swift; sourceTree = "<group>"; };
		908449F71EE3C04E00E431FE /* Base */ = {isa = PBXFileReference; lastKnownFileType = file.storyboard; name = Base; path = Base.lproj/Main.storyboard; sourceTree = "<group>"; };
		908449F91EE3C04E00E431FE /* Assets.xcassets */ = {isa = PBXFileReference; lastKnownFileType = folder.assetcatalog; path = Assets.xcassets; sourceTree = "<group>"; };
		908449FC1EE3C04E00E431FE /* Base */ = {isa = PBXFileReference; lastKnownFileType = file.storyboard; name = Base; path = Base.lproj/LaunchScreen.storyboard; sourceTree = "<group>"; };
		908449FE1EE3C04E00E431FE /* Info.plist */ = {isa = PBXFileReference; lastKnownFileType = text.plist.xml; path = Info.plist; sourceTree = "<group>"; };
		90844A041EE3C26500E431FE /* LeftSideViewController.swift */ = {isa = PBXFileReference; fileEncoding = 4; lastKnownFileType = sourcecode.swift; path = LeftSideViewController.swift; sourceTree = "<group>"; };
		90844A061EE3C26F00E431FE /* RightSideViewController.swift */ = {isa = PBXFileReference; fileEncoding = 4; lastKnownFileType = sourcecode.swift; path = RightSideViewController.swift; sourceTree = "<group>"; };
		90844A0A1EE3FAEF00E431FE /* salvatore.png */ = {isa = PBXFileReference; lastKnownFileType = image.png; path = salvatore.png; sourceTree = "<group>"; };
		90844A0C1EE3FC4200E431FE /* CustomTableViewCell.swift */ = {isa = PBXFileReference; fileEncoding = 4; lastKnownFileType = sourcecode.swift; path = CustomTableViewCell.swift; sourceTree = "<group>"; };
		90844A0E1EE4005500E431FE /* AboutViewController.swift */ = {isa = PBXFileReference; fileEncoding = 4; lastKnownFileType = sourcecode.swift; path = AboutViewController.swift; sourceTree = "<group>"; };
		EC012F42444FBD681E08B51A /* Pods_NavigationDrawer.framework */ = {isa = PBXFileReference; explicitFileType = wrapper.framework; includeInIndex = 0; path = Pods_NavigationDrawer.framework; sourceTree = BUILT_PRODUCTS_DIR; };
/* End PBXFileReference section */

/* Begin PBXFrameworksBuildPhase section */
		908449EC1EE3C04E00E431FE /* Frameworks */ = {
			isa = PBXFrameworksBuildPhase;
			buildActionMask = 2147483647;
			files = (
				E367AA75BABF2DC77C97D12E /* Pods_NavigationDrawer.framework in Frameworks */,
			);
			runOnlyForDeploymentPostprocessing = 0;
		};
/* End PBXFrameworksBuildPhase section */

/* Begin PBXGroup section */
		908449E61EE3C04E00E431FE = {
			isa = PBXGroup;
			children = (
				90844A081EE3FACD00E431FE /* assets */,
				908449F11EE3C04E00E431FE /* NavigationDrawer */,
				908449F01EE3C04E00E431FE /* Products */,
				C7C42673153A486D3CBB29C2 /* Pods */,
				D25D2E44463D428E3F48554F /* Frameworks */,
			);
			sourceTree = "<group>";
		};
		908449F01EE3C04E00E431FE /* Products */ = {
			isa = PBXGroup;
			children = (
				908449EF1EE3C04E00E431FE /* NavigationDrawer.app */,
			);
			name = Products;
			sourceTree = "<group>";
		};
		908449F11EE3C04E00E431FE /* NavigationDrawer */ = {
			isa = PBXGroup;
			children = (
				908449F21EE3C04E00E431FE /* AppDelegate.swift */,
				908449F41EE3C04E00E431FE /* ViewController.swift */,
				908449F61EE3C04E00E431FE /* Main.storyboard */,
				90844A0E1EE4005500E431FE /* AboutViewController.swift */,
				90844A041EE3C26500E431FE /* LeftSideViewController.swift */,
				90844A061EE3C26F00E431FE /* RightSideViewController.swift */,
				908449F91EE3C04E00E431FE /* Assets.xcassets */,
				908449FB1EE3C04E00E431FE /* LaunchScreen.storyboard */,
				908449FE1EE3C04E00E431FE /* Info.plist */,
				90844A0C1EE3FC4200E431FE /* CustomTableViewCell.swift */,
			);
			path = NavigationDrawer;
			sourceTree = "<group>";
		};
		90844A081EE3FACD00E431FE /* assets */ = {
			isa = PBXGroup;
			children = (
				90844A091EE3FAD400E431FE /* images */,
			);
			name = assets;
			sourceTree = "<group>";
		};
		90844A091EE3FAD400E431FE /* images */ = {
			isa = PBXGroup;
			children = (
				90844A0A1EE3FAEF00E431FE /* salvatore.png */,
			);
			name = images;
			sourceTree = "<group>";
		};
		C7C42673153A486D3CBB29C2 /* Pods */ = {
			isa = PBXGroup;
			children = (
				0F3513D83AEA38303A5DAB91 /* Pods-NavigationDrawer.debug.xcconfig */,
				56B725FC4AC5CC922824C3CE /* Pods-NavigationDrawer.release.xcconfig */,
			);
			name = Pods;
			sourceTree = "<group>";
		};
		D25D2E44463D428E3F48554F /* Frameworks */ = {
			isa = PBXGroup;
			children = (
				EC012F42444FBD681E08B51A /* Pods_NavigationDrawer.framework */,
			);
			name = Frameworks;
			sourceTree = "<group>";
		};
/* End PBXGroup section */

/* Begin PBXNativeTarget section */
		908449EE1EE3C04E00E431FE /* NavigationDrawer */ = {
			isa = PBXNativeTarget;
			buildConfigurationList = 90844A011EE3C04E00E431FE /* Build configuration list for PBXNativeTarget "NavigationDrawer" */;
			buildPhases = (
				59FF76F2C9465F52906DE618 /* [CP] Check Pods Manifest.lock */,
				908449EB1EE3C04E00E431FE /* Sources */,
				908449EC1EE3C04E00E431FE /* Frameworks */,
				908449ED1EE3C04E00E431FE /* Resources */,
				CD3C66A6C2D46CBED1AD5DEB /* [CP] Embed Pods Frameworks */,
				9964EBF906C4A991ACCC3641 /* [CP] Copy Pods Resources */,
			);
			buildRules = (
			);
			dependencies = (
			);
			name = NavigationDrawer;
			productName = NavigationDrawer;
			productReference = 908449EF1EE3C04E00E431FE /* NavigationDrawer.app */;
			productType = "com.apple.product-type.application";
		};
/* End PBXNativeTarget section */

/* Begin PBXProject section */
		908449E71EE3C04E00E431FE /* Project object */ = {
			isa = PBXProject;
			attributes = {
				LastSwiftUpdateCheck = 0820;
				LastUpgradeCheck = 0820;
				ORGANIZATIONNAME = "Reyhan Sofian";
				TargetAttributes = {
					908449EE1EE3C04E00E431FE = {
						CreatedOnToolsVersion = 8.2.1;
						ProvisioningStyle = Automatic;
					};
				};
			};
			buildConfigurationList = 908449EA1EE3C04E00E431FE /* Build configuration list for PBXProject "NavigationDrawer" */;
			compatibilityVersion = "Xcode 3.2";
			developmentRegion = English;
			hasScannedForEncodings = 0;
			knownRegions = (
				en,
				Base,
			);
			mainGroup = 908449E61EE3C04E00E431FE;
			productRefGroup = 908449F01EE3C04E00E431FE /* Products */;
			projectDirPath = "";
			projectRoot = "";
			targets = (
				908449EE1EE3C04E00E431FE /* NavigationDrawer */,
			);
		};
/* End PBXProject section */

/* Begin PBXResourcesBuildPhase section */
		908449ED1EE3C04E00E431FE /* Resources */ = {
			isa = PBXResourcesBuildPhase;
			buildActionMask = 2147483647;
			files = (
				908449FD1EE3C04E00E431FE /* LaunchScreen.storyboard in Resources */,
				90844A0B1EE3FAEF00E431FE /* salvatore.png in Resources */,
				908449FA1EE3C04E00E431FE /* Assets.xcassets in Resources */,
				908449F81EE3C04E00E431FE /* Main.storyboard in Resources */,
			);
			runOnlyForDeploymentPostprocessing = 0;
		};
/* End PBXResourcesBuildPhase section */

/* Begin PBXShellScriptBuildPhase section */
		59FF76F2C9465F52906DE618 /* [CP] Check Pods Manifest.lock */ = {
			isa = PBXShellScriptBuildPhase;
			buildActionMask = 2147483647;
			files = (
			);
			inputPaths = (
			);
			name = "[CP] Check Pods Manifest.lock";
			outputPaths = (
			);
			runOnlyForDeploymentPostprocessing = 0;
			shellPath = /bin/sh;
			shellScript = "diff \"${PODS_PODFILE_DIR_PATH}/Podfile.lock\" \"${PODS_ROOT}/Manifest.lock\" > /dev/null\nif [ $? != 0 ] ; then\n    # print error to STDERR\n    echo \"error: The sandbox is not in sync with the Podfile.lock. Run 'pod install' or update your CocoaPods installation.\" >&2\n    exit 1\nfi\n";
			showEnvVarsInLog = 0;
		};
		9964EBF906C4A991ACCC3641 /* [CP] Copy Pods Resources */ = {
			isa = PBXShellScriptBuildPhase;
			buildActionMask = 2147483647;
			files = (
			);
			inputPaths = (
			);
			name = "[CP] Copy Pods Resources";
			outputPaths = (
			);
			runOnlyForDeploymentPostprocessing = 0;
			shellPath = /bin/sh;
			shellScript = "\"${SRCROOT}/Pods/Target Support Files/Pods-NavigationDrawer/Pods-NavigationDrawer-resources.sh\"\n";
			showEnvVarsInLog = 0;
		};
		CD3C66A6C2D46CBED1AD5DEB /* [CP] Embed Pods Frameworks */ = {
			isa = PBXShellScriptBuildPhase;
			buildActionMask = 2147483647;
			files = (
			);
			inputPaths = (
			);
			name = "[CP] Embed Pods Frameworks";
			outputPaths = (
			);
			runOnlyForDeploymentPostprocessing = 0;
			shellPath = /bin/sh;
			shellScript = "\"${SRCROOT}/Pods/Target Support Files/Pods-NavigationDrawer/Pods-NavigationDrawer-frameworks.sh\"\n";
			showEnvVarsInLog = 0;
		};
/* End PBXShellScriptBuildPhase section */

/* Begin PBXSourcesBuildPhase section */
		908449EB1EE3C04E00E431FE /* Sources */ = {
			isa = PBXSourcesBuildPhase;
			buildActionMask = 2147483647;
			files = (
				90844A0F1EE4005500E431FE /* AboutViewController.swift in Sources */,
				908449F51EE3C04E00E431FE /* ViewController.swift in Sources */,
				90844A0D1EE3FC4200E431FE /* CustomTableViewCell.swift in Sources */,
				90844A051EE3C26500E431FE /* LeftSideViewController.swift in Sources */,
				90844A071EE3C26F00E431FE /* RightSideViewController.swift in Sources */,
				908449F31EE3C04E00E431FE /* AppDelegate.swift in Sources */,
			);
			runOnlyForDeploymentPostprocessing = 0;
		};
/* End PBXSourcesBuildPhase section */

/* Begin PBXVariantGroup section */
		908449F61EE3C04E00E431FE /* Main.storyboard */ = {
			isa = PBXVariantGroup;
			children = (
				908449F71EE3C04E00E431FE /* Base */,
			);
			name = Main.storyboard;
			sourceTree = "<group>";
		};
		908449FB1EE3C04E00E431FE /* LaunchScreen.storyboard */ = {
			isa = PBXVariantGroup;
			children = (
				908449FC1EE3C04E00E431FE /* Base */,
			);
			name = LaunchScreen.storyboard;
			sourceTree = "<group>";
		};
/* End PBXVariantGroup section */

/* Begin XCBuildConfiguration section */
		908449FF1EE3C04E00E431FE /* Debug */ = {
			isa = XCBuildConfiguration;
			buildSettings = {
				ALWAYS_SEARCH_USER_PATHS = NO;
				CLANG_ANALYZER_NONNULL = YES;
				CLANG_CXX_LANGUAGE_STANDARD = "gnu++0x";
				CLANG_CXX_LIBRARY = "libc++";
				CLANG_ENABLE_MODULES = YES;
				CLANG_ENABLE_OBJC_ARC = YES;
				CLANG_WARN_BOOL_CONVERSION = YES;
				CLANG_WARN_CONSTANT_CONVERSION = YES;
				CLANG_WARN_DIRECT_OBJC_ISA_USAGE = YES_ERROR;
				CLANG_WARN_DOCUMENTATION_COMMENTS = YES;
				CLANG_WARN_EMPTY_BODY = YES;
				CLANG_WARN_ENUM_CONVERSION = YES;
				CLANG_WARN_INFINITE_RECURSION = YES;
				CLANG_WARN_INT_CONVERSION = YES;
				CLANG_WARN_OBJC_ROOT_CLASS = YES_ERROR;
				CLANG_WARN_SUSPICIOUS_MOVE = YES;
				CLANG_WARN_UNREACHABLE_CODE = YES;
				CLANG_WARN__DUPLICATE_METHOD_MATCH = YES;
				"CODE_SIGN_IDENTITY[sdk=iphoneos*]" = "iPhone Developer";
				COPY_PHASE_STRIP = NO;
				DEBUG_INFORMATION_FORMAT = dwarf;
				ENABLE_STRICT_OBJC_MSGSEND = YES;
				ENABLE_TESTABILITY = YES;
				GCC_C_LANGUAGE_STANDARD = gnu99;
				GCC_DYNAMIC_NO_PIC = NO;
				GCC_NO_COMMON_BLOCKS = YES;
				GCC_OPTIMIZATION_LEVEL = 0;
				GCC_PREPROCESSOR_DEFINITIONS = (
					"DEBUG=1",
					"$(inherited)",
				);
				GCC_WARN_64_TO_32_BIT_CONVERSION = YES;
				GCC_WARN_ABOUT_RETURN_TYPE = YES_ERROR;
				GCC_WARN_UNDECLARED_SELECTOR = YES;
				GCC_WARN_UNINITIALIZED_AUTOS = YES_AGGRESSIVE;
				GCC_WARN_UNUSED_FUNCTION = YES;
				GCC_WARN_UNUSED_VARIABLE = YES;
				IPHONEOS_DEPLOYMENT_TARGET = 10.2;
				MTL_ENABLE_DEBUG_INFO = YES;
				ONLY_ACTIVE_ARCH = YES;
				SDKROOT = iphoneos;
				SWIFT_ACTIVE_COMPILATION_CONDITIONS = DEBUG;
				SWIFT_OPTIMIZATION_LEVEL = "-Onone";
			};
			name = Debug;
		};
		90844A001EE3C04E00E431FE /* Release */ = {
			isa = XCBuildConfiguration;
			buildSettings = {
				ALWAYS_SEARCH_USER_PATHS = NO;
				CLANG_ANALYZER_NONNULL = YES;
				CLANG_CXX_LANGUAGE_STANDARD = "gnu++0x";
				CLANG_CXX_LIBRARY = "libc++";
				CLANG_ENABLE_MODULES = YES;
				CLANG_ENABLE_OBJC_ARC = YES;
				CLANG_WARN_BOOL_CONVERSION = YES;
				CLANG_WARN_CONSTANT_CONVERSION = YES;
				CLANG_WARN_DIRECT_OBJC_ISA_USAGE = YES_ERROR;
				CLANG_WARN_DOCUMENTATION_COMMENTS = YES;
				CLANG_WARN_EMPTY_BODY = YES;
				CLANG_WARN_ENUM_CONVERSION = YES;
				CLANG_WARN_INFINITE_RECURSION = YES;
				CLANG_WARN_INT_CONVERSION = YES;
				CLANG_WARN_OBJC_ROOT_CLASS = YES_ERROR;
				CLANG_WARN_SUSPICIOUS_MOVE = YES;
				CLANG_WARN_UNREACHABLE_CODE = YES;
				CLANG_WARN__DUPLICATE_METHOD_MATCH = YES;
				"CODE_SIGN_IDENTITY[sdk=iphoneos*]" = "iPhone Developer";
				COPY_PHASE_STRIP = NO;
				DEBUG_INFORMATION_FORMAT = "dwarf-with-dsym";
				ENABLE_NS_ASSERTIONS = NO;
				ENABLE_STRICT_OBJC_MSGSEND = YES;
				GCC_C_LANGUAGE_STANDARD = gnu99;
				GCC_NO_COMMON_BLOCKS = YES;
				GCC_WARN_64_TO_32_BIT_CONVERSION = YES;
				GCC_WARN_ABOUT_RETURN_TYPE = YES_ERROR;
				GCC_WARN_UNDECLARED_SELECTOR = YES;
				GCC_WARN_UNINITIALIZED_AUTOS = YES_AGGRESSIVE;
				GCC_WARN_UNUSED_FUNCTION = YES;
				GCC_WARN_UNUSED_VARIABLE = YES;
				IPHONEOS_DEPLOYMENT_TARGET = 10.2;
				MTL_ENABLE_DEBUG_INFO = NO;
				SDKROOT = iphoneos;
				SWIFT_OPTIMIZATION_LEVEL = "-Owholemodule";
				VALIDATE_PRODUCT = YES;
			};
			name = Release;
		};
		90844A021EE3C04E00E431FE /* Debug */ = {
			isa = XCBuildConfiguration;
			baseConfigurationReference = 0F3513D83AEA38303A5DAB91 /* Pods-NavigationDrawer.debug.xcconfig */;
			buildSettings = {
				ASSETCATALOG_COMPILER_APPICON_NAME = AppIcon;
				INFOPLIST_FILE = NavigationDrawer/Info.plist;
				LD_RUNPATH_SEARCH_PATHS = "$(inherited) @executable_path/Frameworks";
				PRODUCT_BUNDLE_IDENTIFIER = com.reyhansofian.research.NavigationDrawer;
				PRODUCT_NAME = "$(TARGET_NAME)";
				SWIFT_VERSION = 3.0;
			};
			name = Debug;
		};
		90844A031EE3C04E00E431FE /* Release */ = {
			isa = XCBuildConfiguration;
			baseConfigurationReference = 56B725FC4AC5CC922824C3CE /* Pods-NavigationDrawer.release.xcconfig */;
			buildSettings = {
				ASSETCATALOG_COMPILER_APPICON_NAME = AppIcon;
				INFOPLIST_FILE = NavigationDrawer/Info.plist;
				LD_RUNPATH_SEARCH_PATHS = "$(inherited) @executable_path/Frameworks";
				PRODUCT_BUNDLE_IDENTIFIER = com.reyhansofian.research.NavigationDrawer;
				PRODUCT_NAME = "$(TARGET_NAME)";
				SWIFT_VERSION = 3.0;
			};
			name = Release;
		};
/* End XCBuildConfiguration section */

/* Begin XCConfigurationList section */
		908449EA1EE3C04E00E431FE /* Build configuration list for PBXProject "NavigationDrawer" */ = {
			isa = XCConfigurationList;
			buildConfigurations = (
				908449FF1EE3C04E00E431FE /* Debug */,
				90844A001EE3C04E00E431FE /* Release */,
			);
			defaultConfigurationIsVisible = 0;
			defaultConfigurationName = Release;
		};
		90844A011EE3C04E00E431FE /* Build configuration list for PBXNativeTarget "NavigationDrawer" */ = {
			isa = XCConfigurationList;
			buildConfigurations = (
				90844A021EE3C04E00E431FE /* Debug */,
				90844A031EE3C04E00E431FE /* Release */,
			);
			defaultConfigurationIsVisible = 0;
			defaultConfigurationName = Release;
		};
/* End XCConfigurationList section */
	};
	rootObject = 908449E71EE3C04E00E431FE /* Project object */;
}
